{
  "version": "v1",
  "packages": {
    "medusa-plugin-wishlist": {
      "signature": "7de4ca9e17595a88be42e4af8c4147f3",
      "file": true,
      "replaced": "file:./medusa-plugin-wishlist-v0.0.1.tgz"
    },
    "medusa-plugin-blog": {
      "signature": "71df8cb4001832ae5f2c430acd115f76",
      "file": true
    },
    "medusa-plugin-product-seo": {
      "signature": "5d67bd5d6c26c664256dd5014a4432f4",
      "file": true
    },
    "medusa-plugin-brand": {
      "signature": "28db4e12f047e56fbf41ffee65c32806",
      "file": true
    },
    "medusa-plugin-faq": {
      "signature": "bda5dfe31746a517a7db5d85b47c9958",
      "file": true,
      "replaced": "file:./medusa-plugin-faq-v0.0.1.tgz"
    },
    "medusa-plugin-product-variant-images": {
      "signature": "eae8443052b7d2802c240af14f86cdff",
      "file": true
    },
    "medusa-plugin-product-filter": {
      "signature": "ba4ffb389cabe77cf874049a21c97e2b",
      "file": true
    },
    "medusa-plugin-product-additional-details": {
      "signature": "cfe76de16c22c40cb0a9279a85f426a0",
      "file": true
    },
    "medusa-plugin-product-category-details": {
      "signature": "10d2e8eb071831c2e1bc474acd48c1f6",
      "file": true
    }
  }
}